#MicroXplorer Configuration settings - do not modify
CAD.formats=
CAD.pinconfig=
CAD.provider=
File.Version=6
GPIO.groupedBy=Group By Peripherals
KeepUserPlacement=false
Mcu.CPN=STM32F407VET6
Mcu.Family=STM32F4
Mcu.IP0=I2C1
Mcu.IP1=NVIC
Mcu.IP2=RCC
Mcu.IP3=SYS
Mcu.IP4=TIM2
Mcu.IP5=TIM8
Mcu.IP6=UART4
Mcu.IPNb=7
Mcu.Name=STM32F407V(E-G)Tx
Mcu.Package=LQFP100
Mcu.Pin0=PC13-ANTI_TAMP
Mcu.Pin1=PC14-OSC32_IN
Mcu.Pin10=PB14
Mcu.Pin11=PB15
Mcu.Pin12=PD15
Mcu.Pin13=PC6
Mcu.Pin14=PC7
Mcu.Pin15=PC8
Mcu.Pin16=PC9
Mcu.Pin17=PA8
Mcu.Pin18=PA11
Mcu.Pin19=PA13
Mcu.Pin2=PC15-OSC32_OUT
Mcu.Pin20=PA14
Mcu.Pin21=PC10
Mcu.Pin22=PC11
Mcu.Pin23=PC12
Mcu.Pin24=PD0
Mcu.Pin25=PD1
Mcu.Pin26=PD4
Mcu.Pin27=PD6
Mcu.Pin28=PD7
Mcu.Pin29=PB4
Mcu.Pin3=PH0-OSC_IN
Mcu.Pin30=PB5
Mcu.Pin31=PB6
Mcu.Pin32=PB7
Mcu.Pin33=PB8
Mcu.Pin34=PB9
Mcu.Pin35=VP_SYS_VS_Systick
Mcu.Pin36=VP_TIM2_VS_ClockSourceINT
Mcu.Pin37=VP_TIM8_VS_ClockSourceINT
Mcu.Pin4=PH1-OSC_OUT
Mcu.Pin5=PC0
Mcu.Pin6=PE10
Mcu.Pin7=PE15
Mcu.Pin8=PB12
Mcu.Pin9=PB13
Mcu.PinsNb=38
Mcu.ThirdPartyNb=0
Mcu.UserConstants=
Mcu.UserName=STM32F407VETx
MxCube.Version=6.9.0
MxDb.Version=DB.6.0.90
NVIC.BusFault_IRQn=true\:0\:0\:false\:false\:true\:false\:false\:false
NVIC.DebugMonitor_IRQn=true\:0\:0\:false\:false\:true\:false\:false\:false
NVIC.FPU_IRQn=true\:0\:0\:false\:false\:true\:true\:false\:true
NVIC.ForceEnableDMAVector=true
NVIC.HardFault_IRQn=true\:0\:0\:false\:false\:true\:false\:false\:false
NVIC.I2C1_ER_IRQn=true\:0\:0\:false\:false\:true\:true\:true\:true
NVIC.I2C1_EV_IRQn=true\:0\:0\:false\:false\:true\:true\:true\:true
NVIC.MemoryManagement_IRQn=true\:0\:0\:false\:false\:true\:false\:false\:false
NVIC.NonMaskableInt_IRQn=true\:0\:0\:false\:false\:true\:false\:false\:false
NVIC.PendSV_IRQn=true\:0\:0\:false\:false\:true\:false\:false\:false
NVIC.PriorityGroup=NVIC_PRIORITYGROUP_3
NVIC.RCC_IRQn=true\:1\:0\:true\:false\:true\:true\:false\:true
NVIC.SVCall_IRQn=true\:0\:0\:false\:false\:true\:false\:false\:false
NVIC.SysTick_IRQn=true\:7\:0\:true\:false\:true\:false\:true\:false
NVIC.TIM2_IRQn=true\:0\:0\:false\:false\:true\:true\:true\:true
NVIC.TIM8_BRK_TIM12_IRQn=true\:0\:0\:false\:false\:true\:true\:true\:true
NVIC.TIM8_CC_IRQn=true\:0\:0\:true\:false\:true\:true\:true\:true
NVIC.TIM8_UP_TIM13_IRQn=true\:0\:0\:true\:false\:true\:true\:true\:true
NVIC.UART4_IRQn=true\:1\:0\:true\:false\:true\:true\:true\:true
NVIC.UsageFault_IRQn=true\:0\:0\:false\:false\:true\:false\:false\:false
PA11.GPIOParameters=GPIO_Speed,PinState,GPIO_Label
PA11.GPIO_Label=IN_4
PA11.GPIO_Speed=GPIO_SPEED_FREQ_HIGH
PA11.Locked=true
PA11.PinState=GPIO_PIN_SET
PA11.Signal=GPIO_Output
PA13.Mode=Serial_Wire
PA13.Signal=SYS_JTMS-SWDIO
PA14.Mode=Serial_Wire
PA14.Signal=SYS_JTCK-SWCLK
PA8.GPIOParameters=GPIO_Speed,PinState,GPIO_Label
PA8.GPIO_Label=IN_2
PA8.GPIO_Speed=GPIO_SPEED_FREQ_HIGH
PA8.Locked=true
PA8.PinState=GPIO_PIN_SET
PA8.Signal=GPIO_Output
PB12.GPIOParameters=GPIO_Speed,PinState,GPIO_Label
PB12.GPIO_Label=MOSI
PB12.GPIO_Speed=GPIO_SPEED_FREQ_VERY_HIGH
PB12.Locked=true
PB12.PinState=GPIO_PIN_SET
PB12.Signal=GPIO_Output
PB13.GPIOParameters=GPIO_Label
PB13.GPIO_Label=MISO
PB13.Locked=true
PB13.Signal=GPIO_Input
PB14.GPIOParameters=GPIO_Speed,PinState,GPIO_Label
PB14.GPIO_Label=SS
PB14.GPIO_Speed=GPIO_SPEED_FREQ_VERY_HIGH
PB14.Locked=true
PB14.PinState=GPIO_PIN_SET
PB14.Signal=GPIO_Output
PB15.GPIOParameters=GPIO_Speed,PinState,GPIO_Label
PB15.GPIO_Label=SCK
PB15.GPIO_Speed=GPIO_SPEED_FREQ_VERY_HIGH
PB15.Locked=true
PB15.PinState=GPIO_PIN_SET
PB15.Signal=GPIO_Output
PB4.GPIOParameters=GPIO_PuPd,GPIO_Label
PB4.GPIO_Label=Step_In_2
PB4.GPIO_PuPd=GPIO_PULLUP
PB4.Locked=true
PB4.Signal=GPIO_Input
PB5.GPIOParameters=GPIO_PuPd,GPIO_Label
PB5.GPIO_Label=Step_In_1
PB5.GPIO_PuPd=GPIO_PULLUP
PB5.Locked=true
PB5.Signal=GPIO_Input
PB6.GPIOParameters=GPIO_Pu
PB6.GPIO_Pu=GPIO_NOPULL
PB6.Mode=I2C
PB6.Signal=I2C1_SCL
PB7.GPIOParameters=GPIO_Pu
PB7.GPIO_Pu=GPIO_NOPULL
PB7.Mode=I2C
PB7.Signal=I2C1_SDA
PB8.GPIOParameters=GPIO_Label
PB8.GPIO_Label=BUTTON_8
PB8.Locked=true
PB8.Signal=GPIO_Input
PB9.GPIOParameters=GPIO_Label
PB9.GPIO_Label=BUTTON_9
PB9.Locked=true
PB9.Signal=GPIO_Input
PC0.GPIOParameters=GPIO_Speed,PinState,GPIO_PuPd,GPIO_Label,GPIO_ModeDefaultOutputPP
PC0.GPIO_Label=LED
PC0.GPIO_ModeDefaultOutputPP=GPIO_MODE_OUTPUT_OD
PC0.GPIO_PuPd=GPIO_NOPULL
PC0.GPIO_Speed=GPIO_SPEED_FREQ_VERY_HIGH
PC0.Locked=true
PC0.PinState=GPIO_PIN_SET
PC0.Signal=GPIO_Output
PC10.Locked=true
PC10.Mode=Asynchronous
PC10.Signal=UART4_TX
PC11.Locked=true
PC11.Mode=Asynchronous
PC11.Signal=UART4_RX
PC12.GPIOParameters=PinState,GPIO_Label
PC12.GPIO_Label=USL2
PC12.Locked=true
PC12.PinState=GPIO_PIN_RESET
PC12.Signal=GPIO_Output
PC13-ANTI_TAMP.GPIOParameters=GPIO_PuPd,GPIO_Label,GPIO_ModeDefaultOutputPP
PC13-ANTI_TAMP.GPIO_Label=BUZZER
PC13-ANTI_TAMP.GPIO_ModeDefaultOutputPP=GPIO_MODE_OUTPUT_OD
PC13-ANTI_TAMP.GPIO_PuPd=GPIO_NOPULL
PC13-ANTI_TAMP.Locked=true
PC13-ANTI_TAMP.Signal=GPIO_Output
PC14-OSC32_IN.Mode=LSE-External-Oscillator
PC14-OSC32_IN.Signal=RCC_OSC32_IN
PC15-OSC32_OUT.Mode=LSE-External-Oscillator
PC15-OSC32_OUT.Signal=RCC_OSC32_OUT
PC6.GPIOParameters=GPIO_Label
PC6.GPIO_Label=M2
PC6.Locked=true
PC6.Signal=S_TIM8_CH1
PC7.GPIOParameters=GPIO_Label
PC7.GPIO_Label=M1
PC7.Signal=S_TIM8_CH2
PC8.GPIOParameters=GPIO_Label
PC8.GPIO_Label=M3_H
PC8.Signal=S_TIM8_CH3
PC9.Signal=S_TIM8_CH4
PD0.GPIOParameters=GPIO_Label
PD0.GPIO_Label=DIR_M2
PD0.Locked=true
PD0.Signal=GPIO_Output
PD1.GPIOParameters=GPIO_Label
PD1.GPIO_Label=DIR_M1
PD1.Locked=true
PD1.Signal=GPIO_Output
PD15.GPIOParameters=PinState,GPIO_Label
PD15.GPIO_Label=USL3
PD15.Locked=true
PD15.PinState=GPIO_PIN_RESET
PD15.Signal=GPIO_Output
PD4.GPIOParameters=GPIO_Speed,PinState,GPIO_Label
PD4.GPIO_Label=IN_3
PD4.GPIO_Speed=GPIO_SPEED_FREQ_HIGH
PD4.Locked=true
PD4.PinState=GPIO_PIN_SET
PD4.Signal=GPIO_Output
PD6.GPIOParameters=GPIO_Speed,PinState,GPIO_Label
PD6.GPIO_Label=M3_EN
PD6.GPIO_Speed=GPIO_SPEED_FREQ_MEDIUM
PD6.Locked=true
PD6.PinState=GPIO_PIN_SET
PD6.Signal=GPIO_Output
PD7.GPIOParameters=GPIO_Speed,PinState,GPIO_Label
PD7.GPIO_Label=IN_1
PD7.GPIO_Speed=GPIO_SPEED_FREQ_HIGH
PD7.Locked=true
PD7.PinState=GPIO_PIN_SET
PD7.Signal=GPIO_Output
PE10.GPIOParameters=PinState
PE10.Locked=true
PE10.PinState=GPIO_PIN_RESET
PE10.Signal=GPIO_Output
PE15.GPIOParameters=PinState,GPIO_Label
PE15.GPIO_Label=USL4
PE15.Locked=true
PE15.PinState=GPIO_PIN_RESET
PE15.Signal=GPIO_Output
PH0-OSC_IN.Mode=HSE-External-Oscillator
PH0-OSC_IN.Signal=RCC_OSC_IN
PH1-OSC_OUT.Mode=HSE-External-Oscillator
PH1-OSC_OUT.Signal=RCC_OSC_OUT
PinOutPanel.RotationAngle=0
ProjectManager.AskForMigrate=true
ProjectManager.BackupPrevious=false
ProjectManager.CompilerOptimize=6
ProjectManager.ComputerToolchain=false
ProjectManager.CoupleFile=true
ProjectManager.CustomerFirmwarePackage=
ProjectManager.DefaultFWLocation=true
ProjectManager.DeletePrevious=true
ProjectManager.DeviceId=STM32F407VETx
ProjectManager.FirmwarePackage=STM32Cube FW_F4 V1.27.1
ProjectManager.FreePins=false
ProjectManager.HalAssertFull=true
ProjectManager.HeapSize=0x200
ProjectManager.KeepUserCode=true
ProjectManager.LastFirmware=true
ProjectManager.LibraryCopy=0
ProjectManager.MainLocation=Core/Src
ProjectManager.NoMain=false
ProjectManager.PreviousToolchain=
ProjectManager.ProjectBuild=false
ProjectManager.ProjectFileName=F407_Main.ioc
ProjectManager.ProjectName=F407_Main
ProjectManager.ProjectStructure=
ProjectManager.RegisterCallBack=
ProjectManager.StackSize=0x400
ProjectManager.TargetToolchain=Makefile
ProjectManager.ToolChainLocation=
ProjectManager.UAScriptAfterPath=
ProjectManager.UAScriptBeforePath=
ProjectManager.UnderRoot=false
ProjectManager.functionlistsort=1-SystemClock_Config-RCC-false-HAL-false,2-MX_GPIO_Init-GPIO-false-HAL-true,3-MX_TIM8_Init-TIM8-false-HAL-true,4-MX_UART4_Init-UART4-false-HAL-true,5-MX_I2C1_Init-I2C1-false-HAL-true,6-MX_TIM2_Init-TIM2-false-HAL-true
RCC.48MHZClocksFreq_Value=36000000
RCC.AHBFreq_Value=72000000
RCC.APB1CLKDivider=RCC_HCLK_DIV2
RCC.APB1Freq_Value=36000000
RCC.APB1TimFreq_Value=72000000
RCC.APB2Freq_Value=72000000
RCC.APB2TimFreq_Value=72000000
RCC.CortexFreq_Value=72000000
RCC.EthernetFreq_Value=72000000
RCC.FCLKCortexFreq_Value=72000000
RCC.FamilyName=M
RCC.HCLKFreq_Value=72000000
RCC.HSE_VALUE=25000000
RCC.HSI_VALUE=16000000
RCC.I2SClocksFreq_Value=96000000
RCC.IPParameters=48MHZClocksFreq_Value,AHBFreq_Value,APB1CLKDivider,APB1Freq_Value,APB1TimFreq_Value,APB2Freq_Value,APB2TimFreq_Value,CortexFreq_Value,EthernetFreq_Value,FCLKCortexFreq_Value,FamilyName,HCLKFreq_Value,HSE_VALUE,HSI_VALUE,I2SClocksFreq_Value,LSI_VALUE,MCO2PinFreq_Value,PLLCLKFreq_Value,PLLM,PLLN,PLLQCLKFreq_Value,PLLSourceVirtual,RTCFreq_Value,RTCHSEDivFreq_Value,SYSCLKFreq_VALUE,SYSCLKSource,VCOI2SOutputFreq_Value,VCOInputFreq_Value,VCOOutputFreq_Value,VcooutputI2S
RCC.LSI_VALUE=32000
RCC.MCO2PinFreq_Value=72000000
RCC.PLLCLKFreq_Value=72000000
RCC.PLLM=25
RCC.PLLN=144
RCC.PLLQCLKFreq_Value=36000000
RCC.PLLSourceVirtual=RCC_PLLSOURCE_HSE
RCC.RTCFreq_Value=32000
RCC.RTCHSEDivFreq_Value=12500000
RCC.SYSCLKFreq_VALUE=72000000
RCC.SYSCLKSource=RCC_SYSCLKSOURCE_PLLCLK
RCC.VCOI2SOutputFreq_Value=192000000
RCC.VCOInputFreq_Value=1000000
RCC.VCOOutputFreq_Value=144000000
RCC.VcooutputI2S=96000000
SH.S_TIM8_CH1.0=TIM8_CH1,PWM Generation1 CH1
SH.S_TIM8_CH1.ConfNb=1
SH.S_TIM8_CH2.0=TIM8_CH2,PWM Generation2 CH2
SH.S_TIM8_CH2.ConfNb=1
SH.S_TIM8_CH3.0=TIM8_CH3,PWM Generation3 CH3
SH.S_TIM8_CH3.ConfNb=1
SH.S_TIM8_CH4.0=TIM8_CH4,PWM Generation4 CH4
SH.S_TIM8_CH4.ConfNb=1
TIM2.IPParameters=Prescaler,Period
TIM2.Period=65535
TIM2.Prescaler=72
TIM8.AutoReloadPreload=TIM_AUTORELOAD_PRELOAD_ENABLE
TIM8.Channel-PWM\ Generation1\ CH1=TIM_CHANNEL_1
TIM8.Channel-PWM\ Generation2\ CH2=TIM_CHANNEL_2
TIM8.Channel-PWM\ Generation3\ CH3=TIM_CHANNEL_3
TIM8.Channel-PWM\ Generation4\ CH4=TIM_CHANNEL_4
TIM8.IPParameters=Channel-PWM Generation2 CH2,OCPolarity_2,Channel-PWM Generation1 CH1,OCPolarity_1,OCMode_PWM-PWM Generation1 CH1,OCMode_PWM-PWM Generation2 CH2,AutoReloadPreload,Channel-PWM Generation3 CH3,OCMode_PWM-PWM Generation3 CH3,Channel-PWM Generation4 CH4,OCMode_PWM-PWM Generation4 CH4
TIM8.OCMode_PWM-PWM\ Generation1\ CH1=TIM_OCMODE_PWM2
TIM8.OCMode_PWM-PWM\ Generation2\ CH2=TIM_OCMODE_PWM2
TIM8.OCMode_PWM-PWM\ Generation3\ CH3=TIM_OCMODE_PWM2
TIM8.OCMode_PWM-PWM\ Generation4\ CH4=TIM_OCMODE_PWM2
TIM8.OCPolarity_1=TIM_OCPOLARITY_HIGH
TIM8.OCPolarity_2=TIM_OCPOLARITY_HIGH
UART4.IPParameters=VirtualMode
UART4.VirtualMode=Asynchronous
VP_SYS_VS_Systick.Mode=SysTick
VP_SYS_VS_Systick.Signal=SYS_VS_Systick
VP_TIM2_VS_ClockSourceINT.Mode=Internal
VP_TIM2_VS_ClockSourceINT.Signal=TIM2_VS_ClockSourceINT
VP_TIM8_VS_ClockSourceINT.Mode=Internal
VP_TIM8_VS_ClockSourceINT.Signal=TIM8_VS_ClockSourceINT
board=custom
